
Microsoft Visual Studio Solution File, Format Version 12.00
# Visual Studio Version 17
VisualStudioVersion = 17.0.32014.148
MinimumVisualStudioVersion = 10.0.40219.1
Project("{2150E333-8FDC-42A3-9474-1A3956D46DE8}") = "W03", "W03", "{699D7192-7457-47C5-9CF9-63CD5DDF8C78}"
EndProject
Project("{FAE04EC0-301F-11D3-BF4B-00C04F79EFBC}") = "W03_01_RentBike", "W03_01_RentBike\W03_01_RentBike.csproj", "{C448E3EB-438C-4AE7-ACF6-CFCB6CCC87E7}"
EndProject
Project("{FAE04EC0-301F-11D3-BF4B-00C04F79EFBC}") = "W03_02_Static", "W03_02_Static\W03_02_Static.csproj", "{4DBFA9C5-A573-43FB-A0E0-1E4CA1C1726B}"
EndProject
Project("{2150E333-8FDC-42A3-9474-1A3956D46DE8}") = "W01", "W01", "{7F618FB8-4E01-42B6-92DA-947B6AB2D068}"
EndProject
Project("{2150E333-8FDC-42A3-9474-1A3956D46DE8}") = "W02", "W02", "{A2275FD7-B6AD-4AA2-8DC2-2320A8ED0BFC}"
EndProject
Project("{FAE04EC0-301F-11D3-BF4B-00C04F79EFBC}") = "21_12_29_Homework", "21_12_29_Homework\21_12_29_Homework.csproj", "{4C11E43D-D35F-4756-A5CD-A856029D30DA}"
EndProject
Project("{FAE04EC0-301F-11D3-BF4B-00C04F79EFBC}") = "W01_00_OnMyOwn", "W01_00_OnMyOwn\W01_00_OnMyOwn.csproj", "{39920868-395D-463D-B10A-20E96DA8BCCB}"
EndProject
Project("{FAE04EC0-301F-11D3-BF4B-00C04F79EFBC}") = "W01_01_Variables", "W01_01_Variables\W01_01_Variables.csproj", "{A3ABBA63-ECBA-4647-AF1D-9EF86A4616A9}"
EndProject
Project("{FAE04EC0-301F-11D3-BF4B-00C04F79EFBC}") = "W01_02_Examples", "W01_02_Examples\W01_02_Examples.csproj", "{88A96D91-26BC-47E8-AF5E-11A951A50EF3}"
EndProject
Project("{FAE04EC0-301F-11D3-BF4B-00C04F79EFBC}") = "W01_03_Operators", "W01_03_Operators\W01_03_Operators.csproj", "{8D13C4B5-81F3-4AC1-B9B7-80DA6D688483}"
EndProject
Project("{FAE04EC0-301F-11D3-BF4B-00C04F79EFBC}") = "W01_04_DecisionStatements", "W01_04_DecisionStatements\W01_04_DecisionStatements.csproj", "{01001491-A435-4C95-A81A-7B791A2C9C17}"
EndProject
Project("{FAE04EC0-301F-11D3-BF4B-00C04F79EFBC}") = "W01_05_SwitchCase", "W01_05_SwitchCase\W01_05_SwitchCase.csproj", "{C56029E6-6555-4FDC-B10B-EEE278D4CE2C}"
EndProject
Project("{FAE04EC0-301F-11D3-BF4B-00C04F79EFBC}") = "W01_06_Loops", "W01_06_Loops\W01_06_Loops.csproj", "{DE3B7072-F148-4469-8605-821A557FA05D}"
EndProject
Project("{FAE04EC0-301F-11D3-BF4B-00C04F79EFBC}") = "W01_07_Loops_Part2", "W01_07_Loops_Part2\W01_07_Loops_Part2.csproj", "{104226AE-EA12-46D9-8321-8C62852ECDFA}"
EndProject
Project("{FAE04EC0-301F-11D3-BF4B-00C04F79EFBC}") = "W01_08_Arrays", "W01_08_Arrays\W01_08_Arrays.csproj", "{8717BA46-AF88-4A52-90EF-F6009F250BD3}"
EndProject
Project("{FAE04EC0-301F-11D3-BF4B-00C04F79EFBC}") = "W01_09_Arrays_Part2", "W01_09_Arrays_Part2\W01_09_Arrays_Part2.csproj", "{861B81C5-1A3E-4A5C-BFAE-E55459CB2707}"
EndProject
Project("{FAE04EC0-301F-11D3-BF4B-00C04F79EFBC}") = "W01_10_Collections", "W01_10_Collections\W01_10_Collections.csproj", "{0C03F69F-94F4-4231-BE21-018DAF076AA9}"
EndProject
Project("{FAE04EC0-301F-11D3-BF4B-00C04F79EFBC}") = "W02_01_Methods", "W02_01_Methods\W02_01_Methods.csproj", "{697994D7-1195-4CE7-9151-7E6D7787638D}"
EndProject
Project("{FAE04EC0-301F-11D3-BF4B-00C04F79EFBC}") = "W02_02_Methods_Part2", "W02_02_Methods_Part2\W02_02_Methods_Part2.csproj", "{4649ACC7-F30D-453F-B79D-ED867C9800B7}"
EndProject
Project("{FAE04EC0-301F-11D3-BF4B-00C04F79EFBC}") = "W03_03_Example_Customer", "W03_03_Example_Customer\W03_03_Example_Customer.csproj", "{DD0B902D-A54B-4442-8358-64A18130558B}"
EndProject
Project("{FAE04EC0-301F-11D3-BF4B-00C04F79EFBC}") = "W03_04_InnerType", "W03_04_InnerType\W03_04_InnerType.csproj", "{3A62C2E3-2B3B-43F1-95D8-EEAFA959539D}"
EndProject
Project("{FAE04EC0-301F-11D3-BF4B-00C04F79EFBC}") = "W03_05_Inheritance", "W03_05_Inheritance\W03_05_Inheritance.csproj", "{E344F1A4-1A8D-4AB9-9FE7-8B5369E4F999}"
EndProject
Project("{FAE04EC0-301F-11D3-BF4B-00C04F79EFBC}") = "W02_03_Methods_Part3", "W02_03_Methods_Part3\W02_03_Methods_Part3.csproj", "{94186AD5-0F22-4BF9-AE40-188CD3622E02}"
EndProject
Project("{FAE04EC0-301F-11D3-BF4B-00C04F79EFBC}") = "W02_04_Classes", "W02_04_Classes\W02_04_Classes.csproj", "{EB70B197-1FC2-41D1-B0D0-EB2F4F40C4DB}"
EndProject
Project("{FAE04EC0-301F-11D3-BF4B-00C04F79EFBC}") = "W02_05_Classes_Example", "W02_05_Classes_Example\W02_05_Classes_Example.csproj", "{12EC7451-2266-458A-A483-DDC3E8DF2F5A}"
EndProject
Project("{FAE04EC0-301F-11D3-BF4B-00C04F79EFBC}") = "W03_06_Inheritance_Example", "W03_06_Inheritance_Example\W03_06_Inheritance_Example.csproj", "{66AB963D-BEC7-4D6B-80BD-E3DB7F42D48B}"
EndProject
Project("{FAE04EC0-301F-11D3-BF4B-00C04F79EFBC}") = "W02_06_Classes_Example2", "W02_06_Classes_Example2\W02_06_Classes_Example2.csproj", "{B06820FD-133A-4F3E-99A8-3603373FD6BB}"
EndProject
Project("{FAE04EC0-301F-11D3-BF4B-00C04F79EFBC}") = "W02_07_Dictionary", "W02_07_Dictionary\W02_07_Dictionary.csproj", "{672D5591-7870-4FF5-8708-22B8B4053889}"
EndProject
Project("{FAE04EC0-301F-11D3-BF4B-00C04F79EFBC}") = "W02_08_TryCatch", "W02_08_TryCatch\W02_08_TryCatch.csproj", "{6BF1E5F2-7A7B-44DC-BEE5-1177549C65AA}"
EndProject
Project("{FAE04EC0-301F-11D3-BF4B-00C04F79EFBC}") = "W02_09_Classes_Example3", "W02_09_Classes_Example3\W02_09_Classes_Example3.csproj", "{EF62A8F7-BF0A-49B1-A305-EF3ED000C88E}"
EndProject
Project("{FAE04EC0-301F-11D3-BF4B-00C04F79EFBC}") = "W02_10_Classes_Example4", "W02_10_Classes_Example4\W02_10_Classes_Example4.csproj", "{8F3DC04A-913A-4D87-AD80-90FA5CEA830D}"
EndProject
Project("{FAE04EC0-301F-11D3-BF4B-00C04F79EFBC}") = "W02_11_Encapsulation", "W02_11_Encapsulation\W02_11_Encapsulation.csproj", "{22761E9C-C550-4EC3-ADCA-BA3D1E0938D3}"
EndProject
Project("{FAE04EC0-301F-11D3-BF4B-00C04F79EFBC}") = "W03_07_VirtualAccessModifier", "W03_07_VirtualAccessModifier\W03_07_VirtualAccessModifier.csproj", "{C7C913C6-B37D-4A4D-B9C8-983B39A878E4}"
EndProject
Project("{FAE04EC0-301F-11D3-BF4B-00C04F79EFBC}") = "W03_08_Virtual_Example", "W03_08_Virtual_Example\W03_08_Virtual_Example.csproj", "{1CE3FE30-2007-4F61-AC98-1995FEC6FB63}"
EndProject
Project("{FAE04EC0-301F-11D3-BF4B-00C04F79EFBC}") = "W03_09_Enum", "W03_09_Enum\W03_09_Enum.csproj", "{20960F40-4D09-4482-845F-49FACF61AF51}"
EndProject
Project("{FAE04EC0-301F-11D3-BF4B-00C04F79EFBC}") = "W03_10_Enum_Example", "W03_10_Enum_Example\W03_10_Enum_Example.csproj", "{DD5B40F0-B504-495B-B5C3-35C305A71979}"
EndProject
Project("{FAE04EC0-301F-11D3-BF4B-00C04F79EFBC}") = "W03_11_Abstract", "W03_11_Abstract\W03_11_Abstract.csproj", "{52D9C779-0756-44F4-988F-980FBC1032A3}"
EndProject
Project("{FAE04EC0-301F-11D3-BF4B-00C04F79EFBC}") = "W03_12_Abstract_Example", "W03_12_Abstract_Example\W03_12_Abstract_Example.csproj", "{3C098A19-94D0-4634-9A23-481BADDFECE9}"
EndProject
Project("{FAE04EC0-301F-11D3-BF4B-00C04F79EFBC}") = "W03_13_Interface", "W03_13_Interface\W03_13_Interface.csproj", "{F616B6DB-8D75-4F62-B2E3-C4D71406EEE3}"
EndProject
Project("{FAE04EC0-301F-11D3-BF4B-00C04F79EFBC}") = "W03_14_Interface_Example", "W03_14_Interface_Example\W03_14_Interface_Example.csproj", "{2CC783FA-4BC5-466D-A70F-B985F818B0C8}"
EndProject
Project("{FAE04EC0-301F-11D3-BF4B-00C04F79EFBC}") = "W03_15_PartialClass", "W03_15_PartialClass\W03_15_PartialClass.csproj", "{972925DF-9787-493A-9F97-4A39BB48E3AE}"
EndProject
Project("{FAE04EC0-301F-11D3-BF4B-00C04F79EFBC}") = "W03_16_Generic", "W03_16_Generic\W03_16_Generic.csproj", "{298E996D-DF57-4783-B17F-D9754263DCEA}"
EndProject
Project("{FAE04EC0-301F-11D3-BF4B-00C04F79EFBC}") = "W03_17_Delegates", "W03_17_Delegates\W03_17_Delegates.csproj", "{799AD260-8198-428F-A520-F588FEC7D6C4}"
EndProject
Project("{FAE04EC0-301F-11D3-BF4B-00C04F79EFBC}") = "W03_18_WindowsForms", "W03_18_WindowsForms\W03_18_WindowsForms.csproj", "{F1A3FA29-7C14-4060-B882-B21F44EF0619}"
EndProject
Project("{FAE04EC0-301F-11D3-BF4B-00C04F79EFBC}") = "W03_19_LoginPage", "W03_19_LoginPage\W03_19_LoginPage.csproj", "{2CD48D9F-0B3A-4C6F-B28D-23BC94C73971}"
EndProject
Project("{FAE04EC0-301F-11D3-BF4B-00C04F79EFBC}") = "W03_20_Calculator", "W03_20_Calculator\W03_20_Calculator.csproj", "{F8C0788E-2366-4F9D-9FF7-B50CADD3EADF}"
EndProject
Project("{FAE04EC0-301F-11D3-BF4B-00C04F79EFBC}") = "W03_21_GroupBox", "W03_21_GroupBox\W03_21_GroupBox.csproj", "{8AA6EB6C-1F5E-4553-846A-15586F63D13B}"
EndProject
Project("{2150E333-8FDC-42A3-9474-1A3956D46DE8}") = "W04", "W04", "{C4966206-DC24-4A89-8AAD-670CA1E967EF}"
EndProject
Project("{FAE04EC0-301F-11D3-BF4B-00C04F79EFBC}") = "W04_01_Minesweeper", "W04_01_Minesweeper\W04_01_Minesweeper.csproj", "{F84FA6E3-1E95-49BD-8711-8F1A1383DA71}"
EndProject
Project("{FAE04EC0-301F-11D3-BF4B-00C04F79EFBC}") = "W04_02_Automation", "W04_02_Automation\W04_02_Automation.csproj", "{1FF9ACB2-25A2-41C0-912C-4B322333955C}"
EndProject
Project("{FAE04EC0-301F-11D3-BF4B-00C04F79EFBC}") = "W04_03_Example_Product", "W04_03_Example_Product\W04_03_Example_Product.csproj", "{CC6BCA7E-F559-40A3-86A2-7F353E5885CA}"
EndProject
Project("{FAE04EC0-301F-11D3-BF4B-00C04F79EFBC}") = "W04_04_DataGridView", "W04_04_DataGridView\W04_04_DataGridView.csproj", "{6A7CD4C6-6A81-4A51-B01B-63E8EB1B39A4}"
EndProject
Project("{2150E333-8FDC-42A3-9474-1A3956D46DE8}") = "W06", "W06", "{44F05F79-75B8-4EFC-A0D5-F0693A412E38}"
EndProject
Project("{FAE04EC0-301F-11D3-BF4B-00C04F79EFBC}") = "W06_01_FileFolder", "W06_01_FileFolder\W06_01_FileFolder.csproj", "{B3189C52-0DE1-4C16-8170-7CAEF89459B1}"
EndProject
Project("{FAE04EC0-301F-11D3-BF4B-00C04F79EFBC}") = "W06_02_Example", "W06_02_Example\W06_02_Example.csproj", "{B819A0E3-DD89-4DF8-A6B2-F19A48407CB6}"
EndProject
Project("{FAE04EC0-301F-11D3-BF4B-00C04F79EFBC}") = "W06_03_LINQ", "W06_03_LINQ\W06_03_LINQ.csproj", "{630D1821-21AF-434E-B16F-EA397D255AF2}"
EndProject
Project("{FAE04EC0-301F-11D3-BF4B-00C04F79EFBC}") = "W06_04_XML", "W06_04_XML\W06_04_XML.csproj", "{A6C56742-5B79-4EFD-9C34-32B76FB37348}"
EndProject
Project("{FAE04EC0-301F-11D3-BF4B-00C04F79EFBC}") = "W06_05_ReadRSS", "W06_05_ReadRSS\W06_05_ReadRSS.csproj", "{8A23C91A-48A1-4AAE-9E6C-AB0C6036CF2F}"
EndProject
Project("{FAE04EC0-301F-11D3-BF4B-00C04F79EFBC}") = "W06_06_JSON", "W06_06_JSON\W06_06_JSON.csproj", "{CCA3364A-9D26-404D-9299-6D6A7FA7A9C4}"
EndProject
Project("{FAE04EC0-301F-11D3-BF4B-00C04F79EFBC}") = "W06_07_CSV", "W06_07_CSV\W06_07_CSV.csproj", "{A15F6E70-FAA3-45AA-ADDF-056E34E7130F}"
EndProject
Project("{FAE04EC0-301F-11D3-BF4B-00C04F79EFBC}") = "W06_08_DLL_Math", "W06_08_DLL_Math\W06_08_DLL_Math.csproj", "{743E19EE-3908-4EA2-99BB-536AAB3065D8}"
EndProject
Project("{FAE04EC0-301F-11D3-BF4B-00C04F79EFBC}") = "W06_09_ADONET", "W06_09_ADONET\W06_09_ADONET.csproj", "{1AB9243D-05B9-4D95-8DCF-A487D6F703D3}"
EndProject
Global
	GlobalSection(SolutionConfigurationPlatforms) = preSolution
		Debug|Any CPU = Debug|Any CPU
		Release|Any CPU = Release|Any CPU
	EndGlobalSection
	GlobalSection(ProjectConfigurationPlatforms) = postSolution
		{C448E3EB-438C-4AE7-ACF6-CFCB6CCC87E7}.Debug|Any CPU.ActiveCfg = Debug|Any CPU
		{C448E3EB-438C-4AE7-ACF6-CFCB6CCC87E7}.Debug|Any CPU.Build.0 = Debug|Any CPU
		{C448E3EB-438C-4AE7-ACF6-CFCB6CCC87E7}.Release|Any CPU.ActiveCfg = Release|Any CPU
		{C448E3EB-438C-4AE7-ACF6-CFCB6CCC87E7}.Release|Any CPU.Build.0 = Release|Any CPU
		{4DBFA9C5-A573-43FB-A0E0-1E4CA1C1726B}.Debug|Any CPU.ActiveCfg = Debug|Any CPU
		{4DBFA9C5-A573-43FB-A0E0-1E4CA1C1726B}.Debug|Any CPU.Build.0 = Debug|Any CPU
		{4DBFA9C5-A573-43FB-A0E0-1E4CA1C1726B}.Release|Any CPU.ActiveCfg = Release|Any CPU
		{4DBFA9C5-A573-43FB-A0E0-1E4CA1C1726B}.Release|Any CPU.Build.0 = Release|Any CPU
		{4C11E43D-D35F-4756-A5CD-A856029D30DA}.Debug|Any CPU.ActiveCfg = Debug|Any CPU
		{4C11E43D-D35F-4756-A5CD-A856029D30DA}.Debug|Any CPU.Build.0 = Debug|Any CPU
		{4C11E43D-D35F-4756-A5CD-A856029D30DA}.Release|Any CPU.ActiveCfg = Release|Any CPU
		{4C11E43D-D35F-4756-A5CD-A856029D30DA}.Release|Any CPU.Build.0 = Release|Any CPU
		{39920868-395D-463D-B10A-20E96DA8BCCB}.Debug|Any CPU.ActiveCfg = Debug|Any CPU
		{39920868-395D-463D-B10A-20E96DA8BCCB}.Debug|Any CPU.Build.0 = Debug|Any CPU
		{39920868-395D-463D-B10A-20E96DA8BCCB}.Release|Any CPU.ActiveCfg = Release|Any CPU
		{39920868-395D-463D-B10A-20E96DA8BCCB}.Release|Any CPU.Build.0 = Release|Any CPU
		{A3ABBA63-ECBA-4647-AF1D-9EF86A4616A9}.Debug|Any CPU.ActiveCfg = Debug|Any CPU
		{A3ABBA63-ECBA-4647-AF1D-9EF86A4616A9}.Debug|Any CPU.Build.0 = Debug|Any CPU
		{A3ABBA63-ECBA-4647-AF1D-9EF86A4616A9}.Release|Any CPU.ActiveCfg = Release|Any CPU
		{A3ABBA63-ECBA-4647-AF1D-9EF86A4616A9}.Release|Any CPU.Build.0 = Release|Any CPU
		{88A96D91-26BC-47E8-AF5E-11A951A50EF3}.Debug|Any CPU.ActiveCfg = Debug|Any CPU
		{88A96D91-26BC-47E8-AF5E-11A951A50EF3}.Debug|Any CPU.Build.0 = Debug|Any CPU
		{88A96D91-26BC-47E8-AF5E-11A951A50EF3}.Release|Any CPU.ActiveCfg = Release|Any CPU
		{88A96D91-26BC-47E8-AF5E-11A951A50EF3}.Release|Any CPU.Build.0 = Release|Any CPU
		{8D13C4B5-81F3-4AC1-B9B7-80DA6D688483}.Debug|Any CPU.ActiveCfg = Debug|Any CPU
		{8D13C4B5-81F3-4AC1-B9B7-80DA6D688483}.Debug|Any CPU.Build.0 = Debug|Any CPU
		{8D13C4B5-81F3-4AC1-B9B7-80DA6D688483}.Release|Any CPU.ActiveCfg = Release|Any CPU
		{8D13C4B5-81F3-4AC1-B9B7-80DA6D688483}.Release|Any CPU.Build.0 = Release|Any CPU
		{01001491-A435-4C95-A81A-7B791A2C9C17}.Debug|Any CPU.ActiveCfg = Debug|Any CPU
		{01001491-A435-4C95-A81A-7B791A2C9C17}.Debug|Any CPU.Build.0 = Debug|Any CPU
		{01001491-A435-4C95-A81A-7B791A2C9C17}.Release|Any CPU.ActiveCfg = Release|Any CPU
		{01001491-A435-4C95-A81A-7B791A2C9C17}.Release|Any CPU.Build.0 = Release|Any CPU
		{C56029E6-6555-4FDC-B10B-EEE278D4CE2C}.Debug|Any CPU.ActiveCfg = Debug|Any CPU
		{C56029E6-6555-4FDC-B10B-EEE278D4CE2C}.Debug|Any CPU.Build.0 = Debug|Any CPU
		{C56029E6-6555-4FDC-B10B-EEE278D4CE2C}.Release|Any CPU.ActiveCfg = Release|Any CPU
		{C56029E6-6555-4FDC-B10B-EEE278D4CE2C}.Release|Any CPU.Build.0 = Release|Any CPU
		{DE3B7072-F148-4469-8605-821A557FA05D}.Debug|Any CPU.ActiveCfg = Debug|Any CPU
		{DE3B7072-F148-4469-8605-821A557FA05D}.Debug|Any CPU.Build.0 = Debug|Any CPU
		{DE3B7072-F148-4469-8605-821A557FA05D}.Release|Any CPU.ActiveCfg = Release|Any CPU
		{DE3B7072-F148-4469-8605-821A557FA05D}.Release|Any CPU.Build.0 = Release|Any CPU
		{104226AE-EA12-46D9-8321-8C62852ECDFA}.Debug|Any CPU.ActiveCfg = Debug|Any CPU
		{104226AE-EA12-46D9-8321-8C62852ECDFA}.Debug|Any CPU.Build.0 = Debug|Any CPU
		{104226AE-EA12-46D9-8321-8C62852ECDFA}.Release|Any CPU.ActiveCfg = Release|Any CPU
		{104226AE-EA12-46D9-8321-8C62852ECDFA}.Release|Any CPU.Build.0 = Release|Any CPU
		{8717BA46-AF88-4A52-90EF-F6009F250BD3}.Debug|Any CPU.ActiveCfg = Debug|Any CPU
		{8717BA46-AF88-4A52-90EF-F6009F250BD3}.Debug|Any CPU.Build.0 = Debug|Any CPU
		{8717BA46-AF88-4A52-90EF-F6009F250BD3}.Release|Any CPU.ActiveCfg = Release|Any CPU
		{8717BA46-AF88-4A52-90EF-F6009F250BD3}.Release|Any CPU.Build.0 = Release|Any CPU
		{861B81C5-1A3E-4A5C-BFAE-E55459CB2707}.Debug|Any CPU.ActiveCfg = Debug|Any CPU
		{861B81C5-1A3E-4A5C-BFAE-E55459CB2707}.Debug|Any CPU.Build.0 = Debug|Any CPU
		{861B81C5-1A3E-4A5C-BFAE-E55459CB2707}.Release|Any CPU.ActiveCfg = Release|Any CPU
		{861B81C5-1A3E-4A5C-BFAE-E55459CB2707}.Release|Any CPU.Build.0 = Release|Any CPU
		{0C03F69F-94F4-4231-BE21-018DAF076AA9}.Debug|Any CPU.ActiveCfg = Debug|Any CPU
		{0C03F69F-94F4-4231-BE21-018DAF076AA9}.Debug|Any CPU.Build.0 = Debug|Any CPU
		{0C03F69F-94F4-4231-BE21-018DAF076AA9}.Release|Any CPU.ActiveCfg = Release|Any CPU
		{0C03F69F-94F4-4231-BE21-018DAF076AA9}.Release|Any CPU.Build.0 = Release|Any CPU
		{697994D7-1195-4CE7-9151-7E6D7787638D}.Debug|Any CPU.ActiveCfg = Debug|Any CPU
		{697994D7-1195-4CE7-9151-7E6D7787638D}.Debug|Any CPU.Build.0 = Debug|Any CPU
		{697994D7-1195-4CE7-9151-7E6D7787638D}.Release|Any CPU.ActiveCfg = Release|Any CPU
		{697994D7-1195-4CE7-9151-7E6D7787638D}.Release|Any CPU.Build.0 = Release|Any CPU
		{4649ACC7-F30D-453F-B79D-ED867C9800B7}.Debug|Any CPU.ActiveCfg = Debug|Any CPU
		{4649ACC7-F30D-453F-B79D-ED867C9800B7}.Debug|Any CPU.Build.0 = Debug|Any CPU
		{4649ACC7-F30D-453F-B79D-ED867C9800B7}.Release|Any CPU.ActiveCfg = Release|Any CPU
		{4649ACC7-F30D-453F-B79D-ED867C9800B7}.Release|Any CPU.Build.0 = Release|Any CPU
		{DD0B902D-A54B-4442-8358-64A18130558B}.Debug|Any CPU.ActiveCfg = Debug|Any CPU
		{DD0B902D-A54B-4442-8358-64A18130558B}.Debug|Any CPU.Build.0 = Debug|Any CPU
		{DD0B902D-A54B-4442-8358-64A18130558B}.Release|Any CPU.ActiveCfg = Release|Any CPU
		{DD0B902D-A54B-4442-8358-64A18130558B}.Release|Any CPU.Build.0 = Release|Any CPU
		{3A62C2E3-2B3B-43F1-95D8-EEAFA959539D}.Debug|Any CPU.ActiveCfg = Debug|Any CPU
		{3A62C2E3-2B3B-43F1-95D8-EEAFA959539D}.Debug|Any CPU.Build.0 = Debug|Any CPU
		{3A62C2E3-2B3B-43F1-95D8-EEAFA959539D}.Release|Any CPU.ActiveCfg = Release|Any CPU
		{3A62C2E3-2B3B-43F1-95D8-EEAFA959539D}.Release|Any CPU.Build.0 = Release|Any CPU
		{E344F1A4-1A8D-4AB9-9FE7-8B5369E4F999}.Debug|Any CPU.ActiveCfg = Debug|Any CPU
		{E344F1A4-1A8D-4AB9-9FE7-8B5369E4F999}.Debug|Any CPU.Build.0 = Debug|Any CPU
		{E344F1A4-1A8D-4AB9-9FE7-8B5369E4F999}.Release|Any CPU.ActiveCfg = Release|Any CPU
		{E344F1A4-1A8D-4AB9-9FE7-8B5369E4F999}.Release|Any CPU.Build.0 = Release|Any CPU
		{94186AD5-0F22-4BF9-AE40-188CD3622E02}.Debug|Any CPU.ActiveCfg = Debug|Any CPU
		{94186AD5-0F22-4BF9-AE40-188CD3622E02}.Debug|Any CPU.Build.0 = Debug|Any CPU
		{94186AD5-0F22-4BF9-AE40-188CD3622E02}.Release|Any CPU.ActiveCfg = Release|Any CPU
		{94186AD5-0F22-4BF9-AE40-188CD3622E02}.Release|Any CPU.Build.0 = Release|Any CPU
		{EB70B197-1FC2-41D1-B0D0-EB2F4F40C4DB}.Debug|Any CPU.ActiveCfg = Debug|Any CPU
		{EB70B197-1FC2-41D1-B0D0-EB2F4F40C4DB}.Debug|Any CPU.Build.0 = Debug|Any CPU
		{EB70B197-1FC2-41D1-B0D0-EB2F4F40C4DB}.Release|Any CPU.ActiveCfg = Release|Any CPU
		{EB70B197-1FC2-41D1-B0D0-EB2F4F40C4DB}.Release|Any CPU.Build.0 = Release|Any CPU
		{12EC7451-2266-458A-A483-DDC3E8DF2F5A}.Debug|Any CPU.ActiveCfg = Debug|Any CPU
		{12EC7451-2266-458A-A483-DDC3E8DF2F5A}.Debug|Any CPU.Build.0 = Debug|Any CPU
		{12EC7451-2266-458A-A483-DDC3E8DF2F5A}.Release|Any CPU.ActiveCfg = Release|Any CPU
		{12EC7451-2266-458A-A483-DDC3E8DF2F5A}.Release|Any CPU.Build.0 = Release|Any CPU
		{66AB963D-BEC7-4D6B-80BD-E3DB7F42D48B}.Debug|Any CPU.ActiveCfg = Debug|Any CPU
		{66AB963D-BEC7-4D6B-80BD-E3DB7F42D48B}.Debug|Any CPU.Build.0 = Debug|Any CPU
		{66AB963D-BEC7-4D6B-80BD-E3DB7F42D48B}.Release|Any CPU.ActiveCfg = Release|Any CPU
		{66AB963D-BEC7-4D6B-80BD-E3DB7F42D48B}.Release|Any CPU.Build.0 = Release|Any CPU
		{B06820FD-133A-4F3E-99A8-3603373FD6BB}.Debug|Any CPU.ActiveCfg = Debug|Any CPU
		{B06820FD-133A-4F3E-99A8-3603373FD6BB}.Debug|Any CPU.Build.0 = Debug|Any CPU
		{B06820FD-133A-4F3E-99A8-3603373FD6BB}.Release|Any CPU.ActiveCfg = Release|Any CPU
		{B06820FD-133A-4F3E-99A8-3603373FD6BB}.Release|Any CPU.Build.0 = Release|Any CPU
		{672D5591-7870-4FF5-8708-22B8B4053889}.Debug|Any CPU.ActiveCfg = Debug|Any CPU
		{672D5591-7870-4FF5-8708-22B8B4053889}.Debug|Any CPU.Build.0 = Debug|Any CPU
		{672D5591-7870-4FF5-8708-22B8B4053889}.Release|Any CPU.ActiveCfg = Release|Any CPU
		{672D5591-7870-4FF5-8708-22B8B4053889}.Release|Any CPU.Build.0 = Release|Any CPU
		{6BF1E5F2-7A7B-44DC-BEE5-1177549C65AA}.Debug|Any CPU.ActiveCfg = Debug|Any CPU
		{6BF1E5F2-7A7B-44DC-BEE5-1177549C65AA}.Debug|Any CPU.Build.0 = Debug|Any CPU
		{6BF1E5F2-7A7B-44DC-BEE5-1177549C65AA}.Release|Any CPU.ActiveCfg = Release|Any CPU
		{6BF1E5F2-7A7B-44DC-BEE5-1177549C65AA}.Release|Any CPU.Build.0 = Release|Any CPU
		{EF62A8F7-BF0A-49B1-A305-EF3ED000C88E}.Debug|Any CPU.ActiveCfg = Debug|Any CPU
		{EF62A8F7-BF0A-49B1-A305-EF3ED000C88E}.Debug|Any CPU.Build.0 = Debug|Any CPU
		{EF62A8F7-BF0A-49B1-A305-EF3ED000C88E}.Release|Any CPU.ActiveCfg = Release|Any CPU
		{EF62A8F7-BF0A-49B1-A305-EF3ED000C88E}.Release|Any CPU.Build.0 = Release|Any CPU
		{8F3DC04A-913A-4D87-AD80-90FA5CEA830D}.Debug|Any CPU.ActiveCfg = Debug|Any CPU
		{8F3DC04A-913A-4D87-AD80-90FA5CEA830D}.Debug|Any CPU.Build.0 = Debug|Any CPU
		{8F3DC04A-913A-4D87-AD80-90FA5CEA830D}.Release|Any CPU.ActiveCfg = Release|Any CPU
		{8F3DC04A-913A-4D87-AD80-90FA5CEA830D}.Release|Any CPU.Build.0 = Release|Any CPU
		{22761E9C-C550-4EC3-ADCA-BA3D1E0938D3}.Debug|Any CPU.ActiveCfg = Debug|Any CPU
		{22761E9C-C550-4EC3-ADCA-BA3D1E0938D3}.Debug|Any CPU.Build.0 = Debug|Any CPU
		{22761E9C-C550-4EC3-ADCA-BA3D1E0938D3}.Release|Any CPU.ActiveCfg = Release|Any CPU
		{22761E9C-C550-4EC3-ADCA-BA3D1E0938D3}.Release|Any CPU.Build.0 = Release|Any CPU
		{C7C913C6-B37D-4A4D-B9C8-983B39A878E4}.Debug|Any CPU.ActiveCfg = Debug|Any CPU
		{C7C913C6-B37D-4A4D-B9C8-983B39A878E4}.Debug|Any CPU.Build.0 = Debug|Any CPU
		{C7C913C6-B37D-4A4D-B9C8-983B39A878E4}.Release|Any CPU.ActiveCfg = Release|Any CPU
		{C7C913C6-B37D-4A4D-B9C8-983B39A878E4}.Release|Any CPU.Build.0 = Release|Any CPU
		{1CE3FE30-2007-4F61-AC98-1995FEC6FB63}.Debug|Any CPU.ActiveCfg = Debug|Any CPU
		{1CE3FE30-2007-4F61-AC98-1995FEC6FB63}.Debug|Any CPU.Build.0 = Debug|Any CPU
		{1CE3FE30-2007-4F61-AC98-1995FEC6FB63}.Release|Any CPU.ActiveCfg = Release|Any CPU
		{1CE3FE30-2007-4F61-AC98-1995FEC6FB63}.Release|Any CPU.Build.0 = Release|Any CPU
		{20960F40-4D09-4482-845F-49FACF61AF51}.Debug|Any CPU.ActiveCfg = Debug|Any CPU
		{20960F40-4D09-4482-845F-49FACF61AF51}.Debug|Any CPU.Build.0 = Debug|Any CPU
		{20960F40-4D09-4482-845F-49FACF61AF51}.Release|Any CPU.ActiveCfg = Release|Any CPU
		{20960F40-4D09-4482-845F-49FACF61AF51}.Release|Any CPU.Build.0 = Release|Any CPU
		{DD5B40F0-B504-495B-B5C3-35C305A71979}.Debug|Any CPU.ActiveCfg = Debug|Any CPU
		{DD5B40F0-B504-495B-B5C3-35C305A71979}.Debug|Any CPU.Build.0 = Debug|Any CPU
		{DD5B40F0-B504-495B-B5C3-35C305A71979}.Release|Any CPU.ActiveCfg = Release|Any CPU
		{DD5B40F0-B504-495B-B5C3-35C305A71979}.Release|Any CPU.Build.0 = Release|Any CPU
		{52D9C779-0756-44F4-988F-980FBC1032A3}.Debug|Any CPU.ActiveCfg = Debug|Any CPU
		{52D9C779-0756-44F4-988F-980FBC1032A3}.Debug|Any CPU.Build.0 = Debug|Any CPU
		{52D9C779-0756-44F4-988F-980FBC1032A3}.Release|Any CPU.ActiveCfg = Release|Any CPU
		{52D9C779-0756-44F4-988F-980FBC1032A3}.Release|Any CPU.Build.0 = Release|Any CPU
		{3C098A19-94D0-4634-9A23-481BADDFECE9}.Debug|Any CPU.ActiveCfg = Debug|Any CPU
		{3C098A19-94D0-4634-9A23-481BADDFECE9}.Debug|Any CPU.Build.0 = Debug|Any CPU
		{3C098A19-94D0-4634-9A23-481BADDFECE9}.Release|Any CPU.ActiveCfg = Release|Any CPU
		{3C098A19-94D0-4634-9A23-481BADDFECE9}.Release|Any CPU.Build.0 = Release|Any CPU
		{F616B6DB-8D75-4F62-B2E3-C4D71406EEE3}.Debug|Any CPU.ActiveCfg = Debug|Any CPU
		{F616B6DB-8D75-4F62-B2E3-C4D71406EEE3}.Debug|Any CPU.Build.0 = Debug|Any CPU
		{F616B6DB-8D75-4F62-B2E3-C4D71406EEE3}.Release|Any CPU.ActiveCfg = Release|Any CPU
		{F616B6DB-8D75-4F62-B2E3-C4D71406EEE3}.Release|Any CPU.Build.0 = Release|Any CPU
		{2CC783FA-4BC5-466D-A70F-B985F818B0C8}.Debug|Any CPU.ActiveCfg = Debug|Any CPU
		{2CC783FA-4BC5-466D-A70F-B985F818B0C8}.Debug|Any CPU.Build.0 = Debug|Any CPU
		{2CC783FA-4BC5-466D-A70F-B985F818B0C8}.Release|Any CPU.ActiveCfg = Release|Any CPU
		{2CC783FA-4BC5-466D-A70F-B985F818B0C8}.Release|Any CPU.Build.0 = Release|Any CPU
		{972925DF-9787-493A-9F97-4A39BB48E3AE}.Debug|Any CPU.ActiveCfg = Debug|Any CPU
		{972925DF-9787-493A-9F97-4A39BB48E3AE}.Debug|Any CPU.Build.0 = Debug|Any CPU
		{972925DF-9787-493A-9F97-4A39BB48E3AE}.Release|Any CPU.ActiveCfg = Release|Any CPU
		{972925DF-9787-493A-9F97-4A39BB48E3AE}.Release|Any CPU.Build.0 = Release|Any CPU
		{298E996D-DF57-4783-B17F-D9754263DCEA}.Debug|Any CPU.ActiveCfg = Debug|Any CPU
		{298E996D-DF57-4783-B17F-D9754263DCEA}.Debug|Any CPU.Build.0 = Debug|Any CPU
		{298E996D-DF57-4783-B17F-D9754263DCEA}.Release|Any CPU.ActiveCfg = Release|Any CPU
		{298E996D-DF57-4783-B17F-D9754263DCEA}.Release|Any CPU.Build.0 = Release|Any CPU
		{799AD260-8198-428F-A520-F588FEC7D6C4}.Debug|Any CPU.ActiveCfg = Debug|Any CPU
		{799AD260-8198-428F-A520-F588FEC7D6C4}.Debug|Any CPU.Build.0 = Debug|Any CPU
		{799AD260-8198-428F-A520-F588FEC7D6C4}.Release|Any CPU.ActiveCfg = Release|Any CPU
		{799AD260-8198-428F-A520-F588FEC7D6C4}.Release|Any CPU.Build.0 = Release|Any CPU
		{F1A3FA29-7C14-4060-B882-B21F44EF0619}.Debug|Any CPU.ActiveCfg = Debug|Any CPU
		{F1A3FA29-7C14-4060-B882-B21F44EF0619}.Debug|Any CPU.Build.0 = Debug|Any CPU
		{F1A3FA29-7C14-4060-B882-B21F44EF0619}.Release|Any CPU.ActiveCfg = Release|Any CPU
		{F1A3FA29-7C14-4060-B882-B21F44EF0619}.Release|Any CPU.Build.0 = Release|Any CPU
		{2CD48D9F-0B3A-4C6F-B28D-23BC94C73971}.Debug|Any CPU.ActiveCfg = Debug|Any CPU
		{2CD48D9F-0B3A-4C6F-B28D-23BC94C73971}.Debug|Any CPU.Build.0 = Debug|Any CPU
		{2CD48D9F-0B3A-4C6F-B28D-23BC94C73971}.Release|Any CPU.ActiveCfg = Release|Any CPU
		{2CD48D9F-0B3A-4C6F-B28D-23BC94C73971}.Release|Any CPU.Build.0 = Release|Any CPU
		{F8C0788E-2366-4F9D-9FF7-B50CADD3EADF}.Debug|Any CPU.ActiveCfg = Debug|Any CPU
		{F8C0788E-2366-4F9D-9FF7-B50CADD3EADF}.Debug|Any CPU.Build.0 = Debug|Any CPU
		{F8C0788E-2366-4F9D-9FF7-B50CADD3EADF}.Release|Any CPU.ActiveCfg = Release|Any CPU
		{F8C0788E-2366-4F9D-9FF7-B50CADD3EADF}.Release|Any CPU.Build.0 = Release|Any CPU
		{8AA6EB6C-1F5E-4553-846A-15586F63D13B}.Debug|Any CPU.ActiveCfg = Debug|Any CPU
		{8AA6EB6C-1F5E-4553-846A-15586F63D13B}.Debug|Any CPU.Build.0 = Debug|Any CPU
		{8AA6EB6C-1F5E-4553-846A-15586F63D13B}.Release|Any CPU.ActiveCfg = Release|Any CPU
		{8AA6EB6C-1F5E-4553-846A-15586F63D13B}.Release|Any CPU.Build.0 = Release|Any CPU
		{F84FA6E3-1E95-49BD-8711-8F1A1383DA71}.Debug|Any CPU.ActiveCfg = Debug|Any CPU
		{F84FA6E3-1E95-49BD-8711-8F1A1383DA71}.Debug|Any CPU.Build.0 = Debug|Any CPU
		{F84FA6E3-1E95-49BD-8711-8F1A1383DA71}.Release|Any CPU.ActiveCfg = Release|Any CPU
		{F84FA6E3-1E95-49BD-8711-8F1A1383DA71}.Release|Any CPU.Build.0 = Release|Any CPU
		{1FF9ACB2-25A2-41C0-912C-4B322333955C}.Debug|Any CPU.ActiveCfg = Debug|Any CPU
		{1FF9ACB2-25A2-41C0-912C-4B322333955C}.Debug|Any CPU.Build.0 = Debug|Any CPU
		{1FF9ACB2-25A2-41C0-912C-4B322333955C}.Release|Any CPU.ActiveCfg = Release|Any CPU
		{1FF9ACB2-25A2-41C0-912C-4B322333955C}.Release|Any CPU.Build.0 = Release|Any CPU
		{CC6BCA7E-F559-40A3-86A2-7F353E5885CA}.Debug|Any CPU.ActiveCfg = Debug|Any CPU
		{CC6BCA7E-F559-40A3-86A2-7F353E5885CA}.Debug|Any CPU.Build.0 = Debug|Any CPU
		{CC6BCA7E-F559-40A3-86A2-7F353E5885CA}.Release|Any CPU.ActiveCfg = Release|Any CPU
		{CC6BCA7E-F559-40A3-86A2-7F353E5885CA}.Release|Any CPU.Build.0 = Release|Any CPU
		{6A7CD4C6-6A81-4A51-B01B-63E8EB1B39A4}.Debug|Any CPU.ActiveCfg = Debug|Any CPU
		{6A7CD4C6-6A81-4A51-B01B-63E8EB1B39A4}.Debug|Any CPU.Build.0 = Debug|Any CPU
		{6A7CD4C6-6A81-4A51-B01B-63E8EB1B39A4}.Release|Any CPU.ActiveCfg = Release|Any CPU
		{6A7CD4C6-6A81-4A51-B01B-63E8EB1B39A4}.Release|Any CPU.Build.0 = Release|Any CPU
		{B3189C52-0DE1-4C16-8170-7CAEF89459B1}.Debug|Any CPU.ActiveCfg = Debug|Any CPU
		{B3189C52-0DE1-4C16-8170-7CAEF89459B1}.Debug|Any CPU.Build.0 = Debug|Any CPU
		{B3189C52-0DE1-4C16-8170-7CAEF89459B1}.Release|Any CPU.ActiveCfg = Release|Any CPU
		{B3189C52-0DE1-4C16-8170-7CAEF89459B1}.Release|Any CPU.Build.0 = Release|Any CPU
		{B819A0E3-DD89-4DF8-A6B2-F19A48407CB6}.Debug|Any CPU.ActiveCfg = Debug|Any CPU
		{B819A0E3-DD89-4DF8-A6B2-F19A48407CB6}.Debug|Any CPU.Build.0 = Debug|Any CPU
		{B819A0E3-DD89-4DF8-A6B2-F19A48407CB6}.Release|Any CPU.ActiveCfg = Release|Any CPU
		{B819A0E3-DD89-4DF8-A6B2-F19A48407CB6}.Release|Any CPU.Build.0 = Release|Any CPU
		{630D1821-21AF-434E-B16F-EA397D255AF2}.Debug|Any CPU.ActiveCfg = Debug|Any CPU
		{630D1821-21AF-434E-B16F-EA397D255AF2}.Debug|Any CPU.Build.0 = Debug|Any CPU
		{630D1821-21AF-434E-B16F-EA397D255AF2}.Release|Any CPU.ActiveCfg = Release|Any CPU
		{630D1821-21AF-434E-B16F-EA397D255AF2}.Release|Any CPU.Build.0 = Release|Any CPU
		{A6C56742-5B79-4EFD-9C34-32B76FB37348}.Debug|Any CPU.ActiveCfg = Debug|Any CPU
		{A6C56742-5B79-4EFD-9C34-32B76FB37348}.Debug|Any CPU.Build.0 = Debug|Any CPU
		{A6C56742-5B79-4EFD-9C34-32B76FB37348}.Release|Any CPU.ActiveCfg = Release|Any CPU
		{A6C56742-5B79-4EFD-9C34-32B76FB37348}.Release|Any CPU.Build.0 = Release|Any CPU
		{8A23C91A-48A1-4AAE-9E6C-AB0C6036CF2F}.Debug|Any CPU.ActiveCfg = Debug|Any CPU
		{8A23C91A-48A1-4AAE-9E6C-AB0C6036CF2F}.Debug|Any CPU.Build.0 = Debug|Any CPU
		{8A23C91A-48A1-4AAE-9E6C-AB0C6036CF2F}.Release|Any CPU.ActiveCfg = Release|Any CPU
		{8A23C91A-48A1-4AAE-9E6C-AB0C6036CF2F}.Release|Any CPU.Build.0 = Release|Any CPU
		{CCA3364A-9D26-404D-9299-6D6A7FA7A9C4}.Debug|Any CPU.ActiveCfg = Debug|Any CPU
		{CCA3364A-9D26-404D-9299-6D6A7FA7A9C4}.Debug|Any CPU.Build.0 = Debug|Any CPU
		{CCA3364A-9D26-404D-9299-6D6A7FA7A9C4}.Release|Any CPU.ActiveCfg = Release|Any CPU
		{CCA3364A-9D26-404D-9299-6D6A7FA7A9C4}.Release|Any CPU.Build.0 = Release|Any CPU
		{A15F6E70-FAA3-45AA-ADDF-056E34E7130F}.Debug|Any CPU.ActiveCfg = Debug|Any CPU
		{A15F6E70-FAA3-45AA-ADDF-056E34E7130F}.Debug|Any CPU.Build.0 = Debug|Any CPU
		{A15F6E70-FAA3-45AA-ADDF-056E34E7130F}.Release|Any CPU.ActiveCfg = Release|Any CPU
		{A15F6E70-FAA3-45AA-ADDF-056E34E7130F}.Release|Any CPU.Build.0 = Release|Any CPU
		{743E19EE-3908-4EA2-99BB-536AAB3065D8}.Debug|Any CPU.ActiveCfg = Debug|Any CPU
		{743E19EE-3908-4EA2-99BB-536AAB3065D8}.Debug|Any CPU.Build.0 = Debug|Any CPU
		{743E19EE-3908-4EA2-99BB-536AAB3065D8}.Release|Any CPU.ActiveCfg = Release|Any CPU
		{743E19EE-3908-4EA2-99BB-536AAB3065D8}.Release|Any CPU.Build.0 = Release|Any CPU
		{1AB9243D-05B9-4D95-8DCF-A487D6F703D3}.Debug|Any CPU.ActiveCfg = Debug|Any CPU
		{1AB9243D-05B9-4D95-8DCF-A487D6F703D3}.Debug|Any CPU.Build.0 = Debug|Any CPU
		{1AB9243D-05B9-4D95-8DCF-A487D6F703D3}.Release|Any CPU.ActiveCfg = Release|Any CPU
		{1AB9243D-05B9-4D95-8DCF-A487D6F703D3}.Release|Any CPU.Build.0 = Release|Any CPU
	EndGlobalSection
	GlobalSection(SolutionProperties) = preSolution
		HideSolutionNode = FALSE
	EndGlobalSection
	GlobalSection(NestedProjects) = preSolution
		{C448E3EB-438C-4AE7-ACF6-CFCB6CCC87E7} = {699D7192-7457-47C5-9CF9-63CD5DDF8C78}
		{4DBFA9C5-A573-43FB-A0E0-1E4CA1C1726B} = {699D7192-7457-47C5-9CF9-63CD5DDF8C78}
		{4C11E43D-D35F-4756-A5CD-A856029D30DA} = {7F618FB8-4E01-42B6-92DA-947B6AB2D068}
		{39920868-395D-463D-B10A-20E96DA8BCCB} = {7F618FB8-4E01-42B6-92DA-947B6AB2D068}
		{A3ABBA63-ECBA-4647-AF1D-9EF86A4616A9} = {7F618FB8-4E01-42B6-92DA-947B6AB2D068}
		{88A96D91-26BC-47E8-AF5E-11A951A50EF3} = {7F618FB8-4E01-42B6-92DA-947B6AB2D068}
		{8D13C4B5-81F3-4AC1-B9B7-80DA6D688483} = {7F618FB8-4E01-42B6-92DA-947B6AB2D068}
		{01001491-A435-4C95-A81A-7B791A2C9C17} = {7F618FB8-4E01-42B6-92DA-947B6AB2D068}
		{C56029E6-6555-4FDC-B10B-EEE278D4CE2C} = {7F618FB8-4E01-42B6-92DA-947B6AB2D068}
		{DE3B7072-F148-4469-8605-821A557FA05D} = {7F618FB8-4E01-42B6-92DA-947B6AB2D068}
		{104226AE-EA12-46D9-8321-8C62852ECDFA} = {7F618FB8-4E01-42B6-92DA-947B6AB2D068}
		{8717BA46-AF88-4A52-90EF-F6009F250BD3} = {7F618FB8-4E01-42B6-92DA-947B6AB2D068}
		{861B81C5-1A3E-4A5C-BFAE-E55459CB2707} = {7F618FB8-4E01-42B6-92DA-947B6AB2D068}
		{0C03F69F-94F4-4231-BE21-018DAF076AA9} = {7F618FB8-4E01-42B6-92DA-947B6AB2D068}
		{697994D7-1195-4CE7-9151-7E6D7787638D} = {A2275FD7-B6AD-4AA2-8DC2-2320A8ED0BFC}
		{4649ACC7-F30D-453F-B79D-ED867C9800B7} = {A2275FD7-B6AD-4AA2-8DC2-2320A8ED0BFC}
		{DD0B902D-A54B-4442-8358-64A18130558B} = {699D7192-7457-47C5-9CF9-63CD5DDF8C78}
		{3A62C2E3-2B3B-43F1-95D8-EEAFA959539D} = {699D7192-7457-47C5-9CF9-63CD5DDF8C78}
		{E344F1A4-1A8D-4AB9-9FE7-8B5369E4F999} = {699D7192-7457-47C5-9CF9-63CD5DDF8C78}
		{94186AD5-0F22-4BF9-AE40-188CD3622E02} = {A2275FD7-B6AD-4AA2-8DC2-2320A8ED0BFC}
		{EB70B197-1FC2-41D1-B0D0-EB2F4F40C4DB} = {A2275FD7-B6AD-4AA2-8DC2-2320A8ED0BFC}
		{12EC7451-2266-458A-A483-DDC3E8DF2F5A} = {A2275FD7-B6AD-4AA2-8DC2-2320A8ED0BFC}
		{66AB963D-BEC7-4D6B-80BD-E3DB7F42D48B} = {699D7192-7457-47C5-9CF9-63CD5DDF8C78}
		{B06820FD-133A-4F3E-99A8-3603373FD6BB} = {A2275FD7-B6AD-4AA2-8DC2-2320A8ED0BFC}
		{672D5591-7870-4FF5-8708-22B8B4053889} = {A2275FD7-B6AD-4AA2-8DC2-2320A8ED0BFC}
		{6BF1E5F2-7A7B-44DC-BEE5-1177549C65AA} = {A2275FD7-B6AD-4AA2-8DC2-2320A8ED0BFC}
		{EF62A8F7-BF0A-49B1-A305-EF3ED000C88E} = {A2275FD7-B6AD-4AA2-8DC2-2320A8ED0BFC}
		{8F3DC04A-913A-4D87-AD80-90FA5CEA830D} = {A2275FD7-B6AD-4AA2-8DC2-2320A8ED0BFC}
		{22761E9C-C550-4EC3-ADCA-BA3D1E0938D3} = {A2275FD7-B6AD-4AA2-8DC2-2320A8ED0BFC}
		{C7C913C6-B37D-4A4D-B9C8-983B39A878E4} = {699D7192-7457-47C5-9CF9-63CD5DDF8C78}
		{1CE3FE30-2007-4F61-AC98-1995FEC6FB63} = {699D7192-7457-47C5-9CF9-63CD5DDF8C78}
		{20960F40-4D09-4482-845F-49FACF61AF51} = {699D7192-7457-47C5-9CF9-63CD5DDF8C78}
		{DD5B40F0-B504-495B-B5C3-35C305A71979} = {699D7192-7457-47C5-9CF9-63CD5DDF8C78}
		{52D9C779-0756-44F4-988F-980FBC1032A3} = {699D7192-7457-47C5-9CF9-63CD5DDF8C78}
		{3C098A19-94D0-4634-9A23-481BADDFECE9} = {699D7192-7457-47C5-9CF9-63CD5DDF8C78}
		{F616B6DB-8D75-4F62-B2E3-C4D71406EEE3} = {699D7192-7457-47C5-9CF9-63CD5DDF8C78}
		{2CC783FA-4BC5-466D-A70F-B985F818B0C8} = {699D7192-7457-47C5-9CF9-63CD5DDF8C78}
		{972925DF-9787-493A-9F97-4A39BB48E3AE} = {699D7192-7457-47C5-9CF9-63CD5DDF8C78}
		{298E996D-DF57-4783-B17F-D9754263DCEA} = {699D7192-7457-47C5-9CF9-63CD5DDF8C78}
		{799AD260-8198-428F-A520-F588FEC7D6C4} = {699D7192-7457-47C5-9CF9-63CD5DDF8C78}
		{F1A3FA29-7C14-4060-B882-B21F44EF0619} = {699D7192-7457-47C5-9CF9-63CD5DDF8C78}
		{2CD48D9F-0B3A-4C6F-B28D-23BC94C73971} = {699D7192-7457-47C5-9CF9-63CD5DDF8C78}
		{F8C0788E-2366-4F9D-9FF7-B50CADD3EADF} = {699D7192-7457-47C5-9CF9-63CD5DDF8C78}
		{8AA6EB6C-1F5E-4553-846A-15586F63D13B} = {699D7192-7457-47C5-9CF9-63CD5DDF8C78}
		{F84FA6E3-1E95-49BD-8711-8F1A1383DA71} = {C4966206-DC24-4A89-8AAD-670CA1E967EF}
		{1FF9ACB2-25A2-41C0-912C-4B322333955C} = {C4966206-DC24-4A89-8AAD-670CA1E967EF}
		{CC6BCA7E-F559-40A3-86A2-7F353E5885CA} = {C4966206-DC24-4A89-8AAD-670CA1E967EF}
		{6A7CD4C6-6A81-4A51-B01B-63E8EB1B39A4} = {C4966206-DC24-4A89-8AAD-670CA1E967EF}
		{B3189C52-0DE1-4C16-8170-7CAEF89459B1} = {44F05F79-75B8-4EFC-A0D5-F0693A412E38}
		{B819A0E3-DD89-4DF8-A6B2-F19A48407CB6} = {44F05F79-75B8-4EFC-A0D5-F0693A412E38}
		{630D1821-21AF-434E-B16F-EA397D255AF2} = {44F05F79-75B8-4EFC-A0D5-F0693A412E38}
		{A6C56742-5B79-4EFD-9C34-32B76FB37348} = {44F05F79-75B8-4EFC-A0D5-F0693A412E38}
		{8A23C91A-48A1-4AAE-9E6C-AB0C6036CF2F} = {44F05F79-75B8-4EFC-A0D5-F0693A412E38}
		{CCA3364A-9D26-404D-9299-6D6A7FA7A9C4} = {44F05F79-75B8-4EFC-A0D5-F0693A412E38}
		{A15F6E70-FAA3-45AA-ADDF-056E34E7130F} = {44F05F79-75B8-4EFC-A0D5-F0693A412E38}
		{743E19EE-3908-4EA2-99BB-536AAB3065D8} = {44F05F79-75B8-4EFC-A0D5-F0693A412E38}
		{1AB9243D-05B9-4D95-8DCF-A487D6F703D3} = {44F05F79-75B8-4EFC-A0D5-F0693A412E38}
	EndGlobalSection
	GlobalSection(ExtensibilityGlobals) = postSolution
		SolutionGuid = {3CD794D6-4F48-40DA-A14C-40A1C335F885}
	EndGlobalSection
EndGlobal
